// !$*UTF8*$!
{
	archiveVersion = 1;
	classes = {
	};
	objectVersion = 55;
	objects = {

/* Begin PBXBuildFile section */
		79CB5DDD29A5095300EEDA5D /* AppDelegate.swift in Sources */ = {isa = PBXBuildFile; fileRef = 79CB5DDC29A5095300EEDA5D /* AppDelegate.swift */; };
		79CB5DDF29A5095300EEDA5D /* SceneDelegate.swift in Sources */ = {isa = PBXBuildFile; fileRef = 79CB5DDE29A5095300EEDA5D /* SceneDelegate.swift */; };
		79CB5DE129A5095300EEDA5D /* ViewController.swift in Sources */ = {isa = PBXBuildFile; fileRef = 79CB5DE029A5095300EEDA5D /* ViewController.swift */; };
		79CB5DE429A5095300EEDA5D /* Main.storyboard in Resources */ = {isa = PBXBuildFile; fileRef = 79CB5DE229A5095300EEDA5D /* Main.storyboard */; };
		79CB5DE629A5095700EEDA5D /* Assets.xcassets in Resources */ = {isa = PBXBuildFile; fileRef = 79CB5DE529A5095700EEDA5D /* Assets.xcassets */; };
		79CB5DE929A5095700EEDA5D /* LaunchScreen.storyboard in Resources */ = {isa = PBXBuildFile; fileRef = 79CB5DE729A5095700EEDA5D /* LaunchScreen.storyboard */; };
		79CB5DF429A5095700EEDA5D /* DisplayImageTests.swift in Sources */ = {isa = PBXBuildFile; fileRef = 79CB5DF329A5095700EEDA5D /* DisplayImageTests.swift */; };
		79CB5DFE29A5095700EEDA5D /* DisplayImageUITests.swift in Sources */ = {isa = PBXBuildFile; fileRef = 79CB5DFD29A5095700EEDA5D /* DisplayImageUITests.swift */; };
		79CB5E0029A5095700EEDA5D /* DisplayImageUITestsLaunchTests.swift in Sources */ = {isa = PBXBuildFile; fileRef = 79CB5DFF29A5095700EEDA5D /* DisplayImageUITestsLaunchTests.swift */; };
/* End PBXBuildFile section */

/* Begin PBXContainerItemProxy section */
		79CB5DF029A5095700EEDA5D /* PBXContainerItemProxy */ = {
			isa = PBXContainerItemProxy;
			containerPortal = 79CB5DD129A5095300EEDA5D /* Project object */;
			proxyType = 1;
			remoteGlobalIDString = 79CB5DD829A5095300EEDA5D;
			remoteInfo = DisplayImage;
		};
		79CB5DFA29A5095700EEDA5D /* PBXContainerItemProxy */ = {
			isa = PBXContainerItemProxy;
			containerPortal = 79CB5DD129A5095300EEDA5D /* Project object */;
			proxyType = 1;
			remoteGlobalIDString = 79CB5DD829A5095300EEDA5D;
			remoteInfo = DisplayImage;
		};
/* End PBXContainerItemProxy section */

/* Begin PBXFileReference section */
		79CB5DD929A5095300EEDA5D /* DisplayImage.app */ = {isa = PBXFileReference; explicitFileType = wrapper.application; includeInIndex = 0; path = DisplayImage.app; sourceTree = BUILT_PRODUCTS_DIR; };
		79CB5DDC29A5095300EEDA5D /* AppDelegate.swift */ = {isa = PBXFileReference; lastKnownFileType = sourcecode.swift; path = AppDelegate.swift; sourceTree = "<group>"; };
		79CB5DDE29A5095300EEDA5D /* SceneDelegate.swift */ = {isa = PBXFileReference; lastKnownFileType = sourcecode.swift; path = SceneDelegate.swift; sourceTree = "<group>"; };
		79CB5DE029A5095300EEDA5D /* ViewController.swift */ = {isa = PBXFileReference; lastKnownFileType = sourcecode.swift; path = ViewController.swift; sourceTree = "<group>"; };
		79CB5DE329A5095300EEDA5D /* Base */ = {isa = PBXFileReference; lastKnownFileType = file.storyboard; name = Base; path = Base.lproj/Main.storyboard; sourceTree = "<group>"; };
		79CB5DE529A5095700EEDA5D /* Assets.xcassets */ = {isa = PBXFileReference; lastKnownFileType = folder.assetcatalog; path = Assets.xcassets; sourceTree = "<group>"; };
		79CB5DE829A5095700EEDA5D /* Base */ = {isa = PBXFileReference; lastKnownFileType = file.storyboard; name = Base; path = Base.lproj/LaunchScreen.storyboard; sourceTree = "<group>"; };
		79CB5DEA29A5095700EEDA5D /* Info.plist */ = {isa = PBXFileReference; lastKnownFileType = text.plist.xml; path = Info.plist; sourceTree = "<group>"; };
		79CB5DEF29A5095700EEDA5D /* DisplayImageTests.xctest */ = {isa = PBXFileReference; explicitFileType = wrapper.cfbundle; includeInIndex = 0; path = DisplayImageTests.xctest; sourceTree = BUILT_PRODUCTS_DIR; };
		79CB5DF329A5095700EEDA5D /* DisplayImageTests.swift */ = {isa = PBXFileReference; lastKnownFileType = sourcecode.swift; path = DisplayImageTests.swift; sourceTree = "<group>"; };
		79CB5DF929A5095700EEDA5D /* DisplayImageUITests.xctest */ = {isa = PBXFileReference; explicitFileType = wrapper.cfbundle; includeInIndex = 0; path = DisplayImageUITests.xctest; sourceTree = BUILT_PRODUCTS_DIR; };
		79CB5DFD29A5095700EEDA5D /* DisplayImageUITests.swift */ = {isa = PBXFileReference; lastKnownFileType = sourcecode.swift; path = DisplayImageUITests.swift; sourceTree = "<group>"; };
		79CB5DFF29A5095700EEDA5D /* DisplayImageUITestsLaunchTests.swift */ = {isa = PBXFileReference; lastKnownFileType = sourcecode.swift; path = DisplayImageUITestsLaunchTests.swift; sourceTree = "<group>"; };
/* End PBXFileReference section */

/* Begin PBXFrameworksBuildPhase section */
		79CB5DD629A5095300EEDA5D /* Frameworks */ = {
			isa = PBXFrameworksBuildPhase;
			buildActionMask = 2147483647;
			files = (
			);
			runOnlyForDeploymentPostprocessing = 0;
		};
		79CB5DEC29A5095700EEDA5D /* Frameworks */ = {
			isa = PBXFrameworksBuildPhase;
			buildActionMask = 2147483647;
			files = (
			);
			runOnlyForDeploymentPostprocessing = 0;
		};
		79CB5DF629A5095700EEDA5D /* Frameworks */ = {
			isa = PBXFrameworksBuildPhase;
			buildActionMask = 2147483647;
			files = (
			);
			runOnlyForDeploymentPostprocessing = 0;
		};
/* End PBXFrameworksBuildPhase section */

/* Begin PBXGroup section */
		79CB5DD029A5095300EEDA5D = {
			isa = PBXGroup;
			children = (
				79CB5DDB29A5095300EEDA5D /* DisplayImage */,
				79CB5DF229A5095700EEDA5D /* DisplayImageTests */,
				79CB5DFC29A5095700EEDA5D /* DisplayImageUITests */,
				79CB5DDA29A5095300EEDA5D /* Products */,
			);
			sourceTree = "<group>";
		};
		79CB5DDA29A5095300EEDA5D /* Products */ = {
			isa = PBXGroup;
			children = (
				79CB5DD929A5095300EEDA5D /* DisplayImage.app */,
				79CB5DEF29A5095700EEDA5D /* DisplayImageTests.xctest */,
				79CB5DF929A5095700EEDA5D /* DisplayImageUITests.xctest */,
			);
			name = Products;
			sourceTree = "<group>";
		};
		79CB5DDB29A5095300EEDA5D /* DisplayImage */ = {
			isa = PBXGroup;
			children = (
				79CB5DDC29A5095300EEDA5D /* AppDelegate.swift */,
				79CB5DDE29A5095300EEDA5D /* SceneDelegate.swift */,
				79CB5DE029A5095300EEDA5D /* ViewController.swift */,
				79CB5DE229A5095300EEDA5D /* Main.storyboard */,
				79CB5DE529A5095700EEDA5D /* Assets.xcassets */,
				79CB5DE729A5095700EEDA5D /* LaunchScreen.storyboard */,
				79CB5DEA29A5095700EEDA5D /* Info.plist */,
			);
			path = DisplayImage;
			sourceTree = "<group>";
		};
		79CB5DF229A5095700EEDA5D /* DisplayImageTests */ = {
			isa = PBXGroup;
			children = (
				79CB5DF329A5095700EEDA5D /* DisplayImageTests.swift */,
			);
			path = DisplayImageTests;
			sourceTree = "<group>";
		};
		79CB5DFC29A5095700EEDA5D /* DisplayImageUITests */ = {
			isa = PBXGroup;
			children = (
				79CB5DFD29A5095700EEDA5D /* DisplayImageUITests.swift */,
				79CB5DFF29A5095700EEDA5D /* DisplayImageUITestsLaunchTests.swift */,
			);
			path = DisplayImageUITests;
			sourceTree = "<group>";
		};
/* End PBXGroup section */

/* Begin PBXNativeTarget section */
		79CB5DD829A5095300EEDA5D /* DisplayImage */ = {
			isa = PBXNativeTarget;
			buildConfigurationList = 79CB5E0329A5095700EEDA5D /* Build configuration list for PBXNativeTarget "DisplayImage" */;
			buildPhases = (
				79CB5DD529A5095300EEDA5D /* Sources */,
				79CB5DD629A5095300EEDA5D /* Frameworks */,
				79CB5DD729A5095300EEDA5D /* Resources */,
			);
			buildRules = (
			);
			dependencies = (
			);
			name = DisplayImage;
			productName = DisplayImage;
			productReference = 79CB5DD929A5095300EEDA5D /* DisplayImage.app */;
			productType = "com.apple.product-type.application";
		};
		79CB5DEE29A5095700EEDA5D /* DisplayImageTests */ = {
			isa = PBXNativeTarget;
			buildConfigurationList = 79CB5E0629A5095700EEDA5D /* Build configuration list for PBXNativeTarget "DisplayImageTests" */;
			buildPhases = (
				79CB5DEB29A5095700EEDA5D /* Sources */,
				79CB5DEC29A5095700EEDA5D /* Frameworks */,
				79CB5DED29A5095700EEDA5D /* Resources */,
			);
			buildRules = (
			);
			dependencies = (
				79CB5DF129A5095700EEDA5D /* PBXTargetDependency */,
			);
			name = DisplayImageTests;
			productName = DisplayImageTests;
			productReference = 79CB5DEF29A5095700EEDA5D /* DisplayImageTests.xctest */;
			productType = "com.apple.product-type.bundle.unit-test";
		};
		79CB5DF829A5095700EEDA5D /* DisplayImageUITests */ = {
			isa = PBXNativeTarget;
			buildConfigurationList = 79CB5E0929A5095700EEDA5D /* Build configuration list for PBXNativeTarget "DisplayImageUITests" */;
			buildPhases = (
				79CB5DF529A5095700EEDA5D /* Sources */,
				79CB5DF629A5095700EEDA5D /* Frameworks */,
				79CB5DF729A5095700EEDA5D /* Resources */,
			);
			buildRules = (
			);
			dependencies = (
				79CB5DFB29A5095700EEDA5D /* PBXTargetDependency */,
			);
			name = DisplayImageUITests;
			productName = DisplayImageUITests;
			productReference = 79CB5DF929A5095700EEDA5D /* DisplayImageUITests.xctest */;
			productType = "com.apple.product-type.bundle.ui-testing";
		};
/* End PBXNativeTarget section */

/* Begin PBXProject section */
		79CB5DD129A5095300EEDA5D /* Project object */ = {
			isa = PBXProject;
			attributes = {
				BuildIndependentTargetsInParallel = 1;
				LastSwiftUpdateCheck = 1340;
				LastUpgradeCheck = 1340;
				TargetAttributes = {
					79CB5DD829A5095300EEDA5D = {
						CreatedOnToolsVersion = 13.4.1;
					};
					79CB5DEE29A5095700EEDA5D = {
						CreatedOnToolsVersion = 13.4.1;
						TestTargetID = 79CB5DD829A5095300EEDA5D;
					};
					79CB5DF829A5095700EEDA5D = {
						CreatedOnToolsVersion = 13.4.1;
						TestTargetID = 79CB5DD829A5095300EEDA5D;
					};
				};
			};
			buildConfigurationList = 79CB5DD429A5095300EEDA5D /* Build configuration list for PBXProject "DisplayImage" */;
			compatibilityVersion = "Xcode 13.0";
			developmentRegion = en;
			hasScannedForEncodings = 0;
			knownRegions = (
				en,
				Base,
			);
			mainGroup = 79CB5DD029A5095300EEDA5D;
			productRefGroup = 79CB5DDA29A5095300EEDA5D /* Products */;
			projectDirPath = "";
			projectRoot = "";
			targets = (
				79CB5DD829A5095300EEDA5D /* DisplayImage */,
				79CB5DEE29A5095700EEDA5D /* DisplayImageTests */,
				79CB5DF829A5095700EEDA5D /* DisplayImageUITests */,
			);
		};
/* End PBXProject section */

/* Begin PBXResourcesBuildPhase section */
		79CB5DD729A5095300EEDA5D /* Resources */ = {
			isa = PBXResourcesBuildPhase;
			buildActionMask = 2147483647;
			files = (
				79CB5DE929A5095700EEDA5D /* LaunchScreen.storyboard in Resources */,
				79CB5DE629A5095700EEDA5D /* Assets.xcassets in Resources */,
				79CB5DE429A5095300EEDA5D /* Main.storyboard in Resources */,
			);
			runOnlyForDeploymentPostprocessing = 0;
		};
		79CB5DED29A5095700EEDA5D /* Resources */ = {
			isa = PBXResourcesBuildPhase;
			buildActionMask = 2147483647;
			files = (
			);
			runOnlyForDeploymentPostprocessing = 0;
		};
		79CB5DF729A5095700EEDA5D /* Resources */ = {
			isa = PBXResourcesBuildPhase;
			buildActionMask = 2147483647;
			files = (
			);
			runOnlyForDeploymentPostprocessing = 0;
		};
/* End PBXResourcesBuildPhase section */

/* Begin PBXSourcesBuildPhase section */
		79CB5DD529A5095300EEDA5D /* Sources */ = {
			isa = PBXSourcesBuildPhase;
			buildActionMask = 2147483647;
			files = (
				79CB5DE129A5095300EEDA5D /* ViewController.swift in Sources */,
				79CB5DDD29A5095300EEDA5D /* AppDelegate.swift in Sources */,
				79CB5DDF29A5095300EEDA5D /* SceneDelegate.swift in Sources */,
			);
			runOnlyForDeploymentPostprocessing = 0;
		};
		79CB5DEB29A5095700EEDA5D /* Sources */ = {
			isa = PBXSourcesBuildPhase;
			buildActionMask = 2147483647;
			files = (
				79CB5DF429A5095700EEDA5D /* DisplayImageTests.swift in Sources */,
			);
			runOnlyForDeploymentPostprocessing = 0;
		};
		79CB5DF529A5095700EEDA5D /* Sources */ = {
			isa = PBXSourcesBuildPhase;
			buildActionMask = 2147483647;
			files = (
				79CB5DFE29A5095700EEDA5D /* DisplayImageUITests.swift in Sources */,
				79CB5E0029A5095700EEDA5D /* DisplayImageUITestsLaunchTests.swift in Sources */,
			);
			runOnlyForDeploymentPostprocessing = 0;
		};
/* End PBXSourcesBuildPhase section */

/* Begin PBXTargetDependency section */
		79CB5DF129A5095700EEDA5D /* PBXTargetDependency */ = {
			isa = PBXTargetDependency;
			target = 79CB5DD829A5095300EEDA5D /* DisplayImage */;
			targetProxy = 79CB5DF029A5095700EEDA5D /* PBXContainerItemProxy */;
		};
		79CB5DFB29A5095700EEDA5D /* PBXTargetDependency */ = {
			isa = PBXTargetDependency;
			target = 79CB5DD829A5095300EEDA5D /* DisplayImage */;
			targetProxy = 79CB5DFA29A5095700EEDA5D /* PBXContainerItemProxy */;
		};
/* End PBXTargetDependency section */

/* Begin PBXVariantGroup section */
		79CB5DE229A5095300EEDA5D /* Main.storyboard */ = {
			isa = PBXVariantGroup;
			children = (
				79CB5DE329A5095300EEDA5D /* Base */,
			);
			name = Main.storyboard;
			sourceTree = "<group>";
		};
		79CB5DE729A5095700EEDA5D /* LaunchScreen.storyboard */ = {
			isa = PBXVariantGroup;
			children = (
				79CB5DE829A5095700EEDA5D /* Base */,
			);
			name = LaunchScreen.storyboard;
			sourceTree = "<group>";
		};
/* End PBXVariantGroup section */

/* Begin XCBuildConfiguration section */
		79CB5E0129A5095700EEDA5D /* Debug */ = {
			isa = XCBuildConfiguration;
			buildSettings = {
				ALWAYS_SEARCH_USER_PATHS = NO;
				CLANG_ANALYZER_NONNULL = YES;
				CLANG_ANALYZER_NUMBER_OBJECT_CONVERSION = YES_AGGRESSIVE;
				CLANG_CXX_LANGUAGE_STANDARD = "gnu++17";
				CLANG_ENABLE_MODULES = YES;
				CLANG_ENABLE_OBJC_ARC = YES;
				CLANG_ENABLE_OBJC_WEAK = YES;
				CLANG_WARN_BLOCK_CAPTURE_AUTORELEASING = YES;
				CLANG_WARN_BOOL_CONVERSION = YES;
				CLANG_WARN_COMMA = YES;
				CLANG_WARN_CONSTANT_CONVERSION = YES;
				CLANG_WARN_DEPRECATED_OBJC_IMPLEMENTATIONS = YES;
				CLANG_WARN_DIRECT_OBJC_ISA_USAGE = YES_ERROR;
				CLANG_WARN_DOCUMENTATION_COMMENTS = YES;
				CLANG_WARN_EMPTY_BODY = YES;
				CLANG_WARN_ENUM_CONVERSION = YES;
				CLANG_WARN_INFINITE_RECURSION = YES;
				CLANG_WARN_INT_CONVERSION = YES;
				CLANG_WARN_NON_LITERAL_NULL_CONVERSION = YES;
				CLANG_WARN_OBJC_IMPLICIT_RETAIN_SELF = YES;
				CLANG_WARN_OBJC_LITERAL_CONVERSION = YES;
				CLANG_WARN_OBJC_ROOT_CLASS = YES_ERROR;
				CLANG_WARN_QUOTED_INCLUDE_IN_FRAMEWORK_HEADER = YES;
				CLANG_WARN_RANGE_LOOP_ANALYSIS = YES;
				CLANG_WARN_STRICT_PROTOTYPES = YES;
				CLANG_WARN_SUSPICIOUS_MOVE = YES;
				CLANG_WARN_UNGUARDED_AVAILABILITY = YES_AGGRESSIVE;
				CLANG_WARN_UNREACHABLE_CODE = YES;
				CLANG_WARN__DUPLICATE_METHOD_MATCH = YES;
				COPY_PHASE_STRIP = NO;
				DEBUG_INFORMATION_FORMAT = dwarf;
				ENABLE_STRICT_OBJC_MSGSEND = YES;
				ENABLE_TESTABILITY = YES;
				GCC_C_LANGUAGE_STANDARD = gnu11;
				GCC_DYNAMIC_NO_PIC = NO;
				GCC_NO_COMMON_BLOCKS = YES;
				GCC_OPTIMIZATION_LEVEL = 0;
				GCC_PREPROCESSOR_DEFINITIONS = (
					"DEBUG=1",
					"$(inherited)",
				);
				GCC_WARN_64_TO_32_BIT_CONVERSION = YES;
				GCC_WARN_ABOUT_RETURN_TYPE = YES_ERROR;
				GCC_WARN_UNDECLARED_SELECTOR = YES;
				GCC_WARN_UNINITIALIZED_AUTOS = YES_AGGRESSIVE;
				GCC_WARN_UNUSED_FUNCTION = YES;
				GCC_WARN_UNUSED_VARIABLE = YES;
				IPHONEOS_DEPLOYMENT_TARGET = 15.5;
				MTL_ENABLE_DEBUG_INFO = INCLUDE_SOURCE;
				MTL_FAST_MATH = YES;
				ONLY_ACTIVE_ARCH = YES;
				SDKROOT = iphoneos;
				SWIFT_ACTIVE_COMPILATION_CONDITIONS = DEBUG;
				SWIFT_OPTIMIZATION_LEVEL = "-Onone";
			};
			name = Debug;
		};
		79CB5E0229A5095700EEDA5D /* Release */ = {
			isa = XCBuildConfiguration;
			buildSettings = {
				ALWAYS_SEARCH_USER_PATHS = NO;
				CLANG_ANALYZER_NONNULL = YES;
				CLANG_ANALYZER_NUMBER_OBJECT_CONVERSION = YES_AGGRESSIVE;
				CLANG_CXX_LANGUAGE_STANDARD = "gnu++17";
				CLANG_ENABLE_MODULES = YES;
				CLANG_ENABLE_OBJC_ARC = YES;
				CLANG_ENABLE_OBJC_WEAK = YES;
				CLANG_WARN_BLOCK_CAPTURE_AUTORELEASING = YES;
				CLANG_WARN_BOOL_CONVERSION = YES;
				CLANG_WARN_COMMA = YES;
				CLANG_WARN_CONSTANT_CONVERSION = YES;
				CLANG_WARN_DEPRECATED_OBJC_IMPLEMENTATIONS = YES;
				CLANG_WARN_DIRECT_OBJC_ISA_USAGE = YES_ERROR;
				CLANG_WARN_DOCUMENTATION_COMMENTS = YES;
				CLANG_WARN_EMPTY_BODY = YES;
				CLANG_WARN_ENUM_CONVERSION = YES;
				CLANG_WARN_INFINITE_RECURSION = YES;
				CLANG_WARN_INT_CONVERSION = YES;
				CLANG_WARN_NON_LITERAL_NULL_CONVERSION = YES;
				CLANG_WARN_OBJC_IMPLICIT_RETAIN_SELF = YES;
				CLANG_WARN_OBJC_LITERAL_CONVERSION = YES;
				CLANG_WARN_OBJC_ROOT_CLASS = YES_ERROR;
				CLANG_WARN_QUOTED_INCLUDE_IN_FRAMEWORK_HEADER = YES;
				CLANG_WARN_RANGE_LOOP_ANALYSIS = YES;
				CLANG_WARN_STRICT_PROTOTYPES = YES;
				CLANG_WARN_SUSPICIOUS_MOVE = YES;
				CLANG_WARN_UNGUARDED_AVAILABILITY = YES_AGGRESSIVE;
				CLANG_WARN_UNREACHABLE_CODE = YES;
				CLANG_WARN__DUPLICATE_METHOD_MATCH = YES;
				COPY_PHASE_STRIP = NO;
				DEBUG_INFORMATION_FORMAT = "dwarf-with-dsym";
				ENABLE_NS_ASSERTIONS = NO;
				ENABLE_STRICT_OBJC_MSGSEND = YES;
				GCC_C_LANGUAGE_STANDARD = gnu11;
				GCC_NO_COMMON_BLOCKS = YES;
				GCC_WARN_64_TO_32_BIT_CONVERSION = YES;
				GCC_WARN_ABOUT_RETURN_TYPE = YES_ERROR;
				GCC_WARN_UNDECLARED_SELECTOR = YES;
				GCC_WARN_UNINITIALIZED_AUTOS = YES_AGGRESSIVE;
				GCC_WARN_UNUSED_FUNCTION = YES;
				GCC_WARN_UNUSED_VARIABLE = YES;
				IPHONEOS_DEPLOYMENT_TARGET = 15.5;
				MTL_ENABLE_DEBUG_INFO = NO;
				MTL_FAST_MATH = YES;
				SDKROOT = iphoneos;
				SWIFT_COMPILATION_MODE = wholemodule;
				SWIFT_OPTIMIZATION_LEVEL = "-O";
				VALIDATE_PRODUCT = YES;
			};
			name = Release;
		};
		79CB5E0429A5095700EEDA5D /* Debug */ = {
			isa = XCBuildConfiguration;
			buildSettings = {
				ASSETCATALOG_COMPILER_APPICON_NAME = AppIcon;
				ASSETCATALOG_COMPILER_GLOBAL_ACCENT_COLOR_NAME = AccentColor;
				CODE_SIGN_STYLE = Automatic;
				CURRENT_PROJECT_VERSION = 1;
				GENERATE_INFOPLIST_FILE = YES;
				INFOPLIST_FILE = DisplayImage/Info.plist;
				INFOPLIST_KEY_CFBundleDisplayName = DispalyImage;
				INFOPLIST_KEY_UIApplicationSupportsIndirectInputEvents = YES;
				INFOPLIST_KEY_UILaunchStoryboardName = LaunchScreen;
				INFOPLIST_KEY_UIMainStoryboardFile = Main;
				INFOPLIST_KEY_UISupportedInterfaceOrientations_iPad = "UIInterfaceOrientationPortrait UIInterfaceOrientationPortraitUpsideDown UIInterfaceOrientationLandscapeLeft UIInterfaceOrientationLandscapeRight";
				INFOPLIST_KEY_UISupportedInterfaceOrientations_iPhone = "UIInterfaceOrientationPortrait UIInterfaceOrientationLandscapeLeft UIInterfaceOrientationLandscapeRight";
				LD_RUNPATH_SEARCH_PATHS = (
					"$(inherited)",
					"@executable_path/Frameworks",
				);
				MARKETING_VERSION = 1.0;
				PRODUCT_BUNDLE_IDENTIFIER = nwmissouri.edu.DisplayImage;
				PRODUCT_NAME = "$(TARGET_NAME)";
				SWIFT_EMIT_LOC_STRINGS = YES;
				SWIFT_VERSION = 5.0;
				TARGETED_DEVICE_FAMILY = 1;
			};
			name = Debug;
		};
		79CB5E0529A5095700EEDA5D /* Release */ = {
			isa = XCBuildConfiguration;
			buildSettings = {
				ASSETCATALOG_COMPILER_APPICON_NAME = AppIcon;
				ASSETCATALOG_COMPILER_GLOBAL_ACCENT_COLOR_NAME = AccentColor;
				CODE_SIGN_STYLE = Automatic;
				CURRENT_PROJECT_VERSION = 1;
				GENERATE_INFOPLIST_FILE = YES;
				INFOPLIST_FILE = DisplayImage/Info.plist;
				INFOPLIST_KEY_CFBundleDisplayName = DispalyImage;
				INFOPLIST_KEY_UIApplicationSupportsIndirectInputEvents = YES;
				INFOPLIST_KEY_UILaunchStoryboardName = LaunchScreen;
				INFOPLIST_KEY_UIMainStoryboardFile = Main;
				INFOPLIST_KEY_UISupportedInterfaceOrientations_iPad = "UIInterfaceOrientationPortrait UIInterfaceOrientationPortraitUpsideDown UIInterfaceOrientationLandscapeLeft UIInterfaceOrientationLandscapeRight";
				INFOPLIST_KEY_UISupportedInterfaceOrientations_iPhone = "UIInterfaceOrientationPortrait UIInterfaceOrientationLandscapeLeft UIInterfaceOrientationLandscapeRight";
				LD_RUNPATH_SEARCH_PATHS = (
					"$(inherited)",
					"@executable_path/Frameworks",
				);
				MARKETING_VERSION = 1.0;
				PRODUCT_BUNDLE_IDENTIFIER = nwmissouri.edu.DisplayImage;
				PRODUCT_NAME = "$(TARGET_NAME)";
				SWIFT_EMIT_LOC_STRINGS = YES;
				SWIFT_VERSION = 5.0;
				TARGETED_DEVICE_FAMILY = 1;
			};
			name = Release;
		};
		79CB5E0729A5095700EEDA5D /* Debug */ = {
			isa = XCBuildConfiguration;
			buildSettings = {
				ALWAYS_EMBED_SWIFT_STANDARD_LIBRARIES = YES;
				BUNDLE_LOADER = "$(TEST_HOST)";
				CODE_SIGN_STYLE = Automatic;
				CURRENT_PROJECT_VERSION = 1;
				GENERATE_INFOPLIST_FILE = YES;
				IPHONEOS_DEPLOYMENT_TARGET = 15.5;
				MARKETING_VERSION = 1.0;
				PRODUCT_BUNDLE_IDENTIFIER = nwmissouri.edu.DisplayImageTests;
				PRODUCT_NAME = "$(TARGET_NAME)";
				SWIFT_EMIT_LOC_STRINGS = NO;
				SWIFT_VERSION = 5.0;
				TARGETED_DEVICE_FAMILY = "1,2";
				TEST_HOST = "$(BUILT_PRODUCTS_DIR)/DisplayImage.app/DisplayImage";
			};
			name = Debug;
		};
		79CB5E0829A5095700EEDA5D /* Release */ = {
			isa = XCBuildConfiguration;
			buildSettings = {
				ALWAYS_EMBED_SWIFT_STANDARD_LIBRARIES = YES;
				BUNDLE_LOADER = "$(TEST_HOST)";
				CODE_SIGN_STYLE = Automatic;
				CURRENT_PROJECT_VERSION = 1;
				GENERATE_INFOPLIST_FILE = YES;
				IPHONEOS_DEPLOYMENT_TARGET = 15.5;
				MARKETING_VERSION = 1.0;
				PRODUCT_BUNDLE_IDENTIFIER = nwmissouri.edu.DisplayImageTests;
				PRODUCT_NAME = "$(TARGET_NAME)";
				SWIFT_EMIT_LOC_STRINGS = NO;
				SWIFT_VERSION = 5.0;
				TARGETED_DEVICE_FAMILY = "1,2";
				TEST_HOST = "$(BUILT_PRODUCTS_DIR)/DisplayImage.app/DisplayImage";
			};
			name = Release;
		};
		79CB5E0A29A5095700EEDA5D /* Debug */ = {
			isa = XCBuildConfiguration;
			buildSettings = {
				ALWAYS_EMBED_SWIFT_STANDARD_LIBRARIES = YES;
				CODE_SIGN_STYLE = Automatic;
				CURRENT_PROJECT_VERSION = 1;
				GENERATE_INFOPLIST_FILE = YES;
				MARKETING_VERSION = 1.0;
				PRODUCT_BUNDLE_IDENTIFIER = nwmissouri.edu.DisplayImageUITests;
				PRODUCT_NAME = "$(TARGET_NAME)";
				SWIFT_EMIT_LOC_STRINGS = NO;
				SWIFT_VERSION = 5.0;
				TARGETED_DEVICE_FAMILY = "1,2";
				TEST_TARGET_NAME = DisplayImage;
			};
			name = Debug;
		};
		79CB5E0B29A5095700EEDA5D /* Release */ = {
			isa = XCBuildConfiguration;
			buildSettings = {
				ALWAYS_EMBED_SWIFT_STANDARD_LIBRARIES = YES;
				CODE_SIGN_STYLE = Automatic;
				CURRENT_PROJECT_VERSION = 1;
				GENERATE_INFOPLIST_FILE = YES;
				MARKETING_VERSION = 1.0;
				PRODUCT_BUNDLE_IDENTIFIER = nwmissouri.edu.DisplayImageUITests;
				PRODUCT_NAME = "$(TARGET_NAME)";
				SWIFT_EMIT_LOC_STRINGS = NO;
				SWIFT_VERSION = 5.0;
				TARGETED_DEVICE_FAMILY = "1,2";
				TEST_TARGET_NAME = DisplayImage;
			};
			name = Release;
		};
/* End XCBuildConfiguration section */

/* Begin XCConfigurationList section */
		79CB5DD429A5095300EEDA5D /* Build configuration list for PBXProject "DisplayImage" */ = {
			isa = XCConfigurationList;
			buildConfigurations = (
				79CB5E0129A5095700EEDA5D /* Debug */,
				79CB5E0229A5095700EEDA5D /* Release */,
			);
			defaultConfigurationIsVisible = 0;
			defaultConfigurationName = Release;
		};
		79CB5E0329A5095700EEDA5D /* Build configuration list for PBXNativeTarget "DisplayImage" */ = {
			isa = XCConfigurationList;
			buildConfigurations = (
				79CB5E0429A5095700EEDA5D /* Debug */,
				79CB5E0529A5095700EEDA5D /* Release */,
			);
			defaultConfigurationIsVisible = 0;
			defaultConfigurationName = Release;
		};
		79CB5E0629A5095700EEDA5D /* Build configuration list for PBXNativeTarget "DisplayImageTests" */ = {
			isa = XCConfigurationList;
			buildConfigurations = (
				79CB5E0729A5095700EEDA5D /* Debug */,
				79CB5E0829A5095700EEDA5D /* Release */,
			);
			defaultConfigurationIsVisible = 0;
			defaultConfigurationName = Release;
		};
		79CB5E0929A5095700EEDA5D /* Build configuration list for PBXNativeTarget "DisplayImageUITests" */ = {
			isa = XCConfigurationList;
			buildConfigurations = (
				79CB5E0A29A5095700EEDA5D /* Debug */,
				79CB5E0B29A5095700EEDA5D /* Release */,
			);
			defaultConfigurationIsVisible = 0;
			defaultConfigurationName = Release;
		};
/* End XCConfigurationList section */
	};
	rootObject = 79CB5DD129A5095300EEDA5D /* Project object */;
}
